
Microsoft Visual Studio Solution File, Format Version 12.00
# Visual Studio Version 16
VisualStudioVersion = 16.0.29123.89
MinimumVisualStudioVersion = 10.0.40219.1
Project("{9A19103F-16F7-4668-BE54-9A1E7A4F7556}") = "MilanCorp.Domain", "MilanCorp.Domain\MilanCorp.Domain.csproj", "{93D0564F-2919-4FF3-B264-5B1CA2E19135}"
EndProject
Project("{9A19103F-16F7-4668-BE54-9A1E7A4F7556}") = "MilanCorp.Repository", "MilanCorp.Repository\MilanCorp.Repository.csproj", "{15601CAD-8D88-43EF-8141-42D82F341170}"
EndProject
Project("{FAE04EC0-301F-11D3-BF4B-00C04F79EFBC}") = "MilanCorp.API", "MilanCorp.API\MilanCorp.API.csproj", "{6E31845F-645C-4ED4-91A5-9A86E39F26F1}"
EndProject
Global
	GlobalSection(SolutionConfigurationPlatforms) = preSolution
		Debug|Any CPU = Debug|Any CPU
		Release|Any CPU = Release|Any CPU
	EndGlobalSection
	GlobalSection(ProjectConfigurationPlatforms) = postSolution
		{93D0564F-2919-4FF3-B264-5B1CA2E19135}.Debug|Any CPU.ActiveCfg = Debug|Any CPU
		{93D0564F-2919-4FF3-B264-5B1CA2E19135}.Debug|Any CPU.Build.0 = Debug|Any CPU
		{93D0564F-2919-4FF3-B264-5B1CA2E19135}.Release|Any CPU.ActiveCfg = Release|Any CPU
		{93D0564F-2919-4FF3-B264-5B1CA2E19135}.Release|Any CPU.Build.0 = Release|Any CPU
		{15601CAD-8D88-43EF-8141-42D82F341170}.Debug|Any CPU.ActiveCfg = Debug|Any CPU
		{15601CAD-8D88-43EF-8141-42D82F341170}.Debug|Any CPU.Build.0 = Debug|Any CPU
		{15601CAD-8D88-43EF-8141-42D82F341170}.Release|Any CPU.ActiveCfg = Release|Any CPU
		{15601CAD-8D88-43EF-8141-42D82F341170}.Release|Any CPU.Build.0 = Release|Any CPU
		{6E31845F-645C-4ED4-91A5-9A86E39F26F1}.Debug|Any CPU.ActiveCfg = Debug|Any CPU
		{6E31845F-645C-4ED4-91A5-9A86E39F26F1}.Debug|Any CPU.Build.0 = Debug|Any CPU
		{6E31845F-645C-4ED4-91A5-9A86E39F26F1}.Release|Any CPU.ActiveCfg = Release|Any CPU
		{6E31845F-645C-4ED4-91A5-9A86E39F26F1}.Release|Any CPU.Build.0 = Release|Any CPU
	EndGlobalSection
	GlobalSection(SolutionProperties) = preSolution
		HideSolutionNode = FALSE
	EndGlobalSection
	GlobalSection(ExtensibilityGlobals) = postSolution
		SolutionGuid = {FB032533-76A1-4F14-A311-B1C1E30EB2BD}
	EndGlobalSection
EndGlobal
