
Microsoft Visual Studio Solution File, Format Version 12.00
# Visual Studio Version 16
VisualStudioVersion = 16.0.29123.89
MinimumVisualStudioVersion = 10.0.40219.1
Project("{FAE04EC0-301F-11D3-BF4B-00C04F79EFBC}") = "MilanCorpAPI", "MilanCorpAPI\MilanCorpAPI.csproj", "{8ED9FA64-B387-4881-BD5D-CC254FF01634}"
EndProject
Global
	GlobalSection(SolutionConfigurationPlatforms) = preSolution
		Debug|Any CPU = Debug|Any CPU
		Release|Any CPU = Release|Any CPU
	EndGlobalSection
	GlobalSection(ProjectConfigurationPlatforms) = postSolution
		{8ED9FA64-B387-4881-BD5D-CC254FF01634}.Debug|Any CPU.ActiveCfg = Debug|Any CPU
		{8ED9FA64-B387-4881-BD5D-CC254FF01634}.Debug|Any CPU.Build.0 = Debug|Any CPU
		{8ED9FA64-B387-4881-BD5D-CC254FF01634}.Release|Any CPU.ActiveCfg = Release|Any CPU
		{8ED9FA64-B387-4881-BD5D-CC254FF01634}.Release|Any CPU.Build.0 = Release|Any CPU
	EndGlobalSection
	GlobalSection(SolutionProperties) = preSolution
		HideSolutionNode = FALSE
	EndGlobalSection
	GlobalSection(ExtensibilityGlobals) = postSolution
		SolutionGuid = {FB032533-76A1-4F14-A311-B1C1E30EB2BD}
	EndGlobalSection
EndGlobal
