
Microsoft Visual Studio Solution File, Format Version 12.00
# Visual Studio Version 16
VisualStudioVersion = 16.0.29123.89
MinimumVisualStudioVersion = 10.0.40219.1
Project("{FAE04EC0-301F-11D3-BF4B-00C04F79EFBC}") = "MilanCorp.API", "MilanCorp.API.csproj", "{761AF74B-AB9F-4327-9119-E300BA4693F0}"
EndProject
Project("{FAE04EC0-301F-11D3-BF4B-00C04F79EFBC}") = "MilanCorp.Domain", "..\MilanCorp.Domain\MilanCorp.Domain.csproj", "{3E606822-D09F-4B04-B386-A4FEC0AAE341}"
EndProject
Project("{FAE04EC0-301F-11D3-BF4B-00C04F79EFBC}") = "MilanCorp.Repository", "..\MilanCorp.Repository\MilanCorp.Repository.csproj", "{845C17A8-68B4-43E0-B451-6084888AC58C}"
EndProject
Global
	GlobalSection(SolutionConfigurationPlatforms) = preSolution
		Debug|Any CPU = Debug|Any CPU
		Release|Any CPU = Release|Any CPU
	EndGlobalSection
	GlobalSection(ProjectConfigurationPlatforms) = postSolution
		{761AF74B-AB9F-4327-9119-E300BA4693F0}.Debug|Any CPU.ActiveCfg = Debug|Any CPU
		{761AF74B-AB9F-4327-9119-E300BA4693F0}.Debug|Any CPU.Build.0 = Debug|Any CPU
		{761AF74B-AB9F-4327-9119-E300BA4693F0}.Release|Any CPU.ActiveCfg = Release|Any CPU
		{761AF74B-AB9F-4327-9119-E300BA4693F0}.Release|Any CPU.Build.0 = Release|Any CPU
		{3E606822-D09F-4B04-B386-A4FEC0AAE341}.Debug|Any CPU.ActiveCfg = Debug|Any CPU
		{3E606822-D09F-4B04-B386-A4FEC0AAE341}.Debug|Any CPU.Build.0 = Debug|Any CPU
		{3E606822-D09F-4B04-B386-A4FEC0AAE341}.Release|Any CPU.ActiveCfg = Release|Any CPU
		{3E606822-D09F-4B04-B386-A4FEC0AAE341}.Release|Any CPU.Build.0 = Release|Any CPU
		{845C17A8-68B4-43E0-B451-6084888AC58C}.Debug|Any CPU.ActiveCfg = Debug|Any CPU
		{845C17A8-68B4-43E0-B451-6084888AC58C}.Debug|Any CPU.Build.0 = Debug|Any CPU
		{845C17A8-68B4-43E0-B451-6084888AC58C}.Release|Any CPU.ActiveCfg = Release|Any CPU
		{845C17A8-68B4-43E0-B451-6084888AC58C}.Release|Any CPU.Build.0 = Release|Any CPU
	EndGlobalSection
	GlobalSection(SolutionProperties) = preSolution
		HideSolutionNode = FALSE
	EndGlobalSection
	GlobalSection(ExtensibilityGlobals) = postSolution
		SolutionGuid = {6D520D45-C456-419B-9E91-3669BDF12061}
	EndGlobalSection
EndGlobal
